
Microsoft Visual Studio Solution File, Format Version 12.00
# Visual Studio 2013
VisualStudioVersion = 12.0.31101.0
MinimumVisualStudioVersion = 10.0.40219.1
Project("{F184B08F-C81C-45F6-A57F-5ABD9991F28F}") = "Data Provider", "..\..\amica\Amica Data Provider\Data Provider.vbproj", "{67306CA6-7F03-4D04-9F95-0607C4DC2A89}"
EndProject
Project("{FAE04EC0-301F-11D3-BF4B-00C04F79EFBC}") = "Amica.vNext.Compatibility", "Amica.vNext.Compatibility\Amica.vNext.Compatibility.csproj", "{9E04EE4C-D5E2-4609-A68F-0510AD1D47CC}"
EndProject
Project("{FAE04EC0-301F-11D3-BF4B-00C04F79EFBC}") = "Amica.vNext.Compatibility.Tests", "Tests\Amica.vNext.Compatibility.Tests.csproj", "{0D06EE86-A429-4F9B-9000-C04ACD147623}"
EndProject
Project("{FAE04EC0-301F-11D3-BF4B-00C04F79EFBC}") = "Playground", "Playground\Playground.csproj", "{D4EE5A96-ACB7-4A02-B412-20CB02022BE2}"
EndProject
Project("{FAE04EC0-301F-11D3-BF4B-00C04F79EFBC}") = "Eve.NET.Net4", "..\..\Eve.NET\Eve.NET.Net4\Eve.NET.Net4.csproj", "{D405D3C5-DE1C-4DB1-B920-2E7CD7F450AF}"
EndProject
Project("{FAE04EC0-301F-11D3-BF4B-00C04F79EFBC}") = "Amica.vNext.Models.Net4", "..\Amica.vNext.Models\Amica.vNext.Models.Net4\Amica.vNext.Models.Net4.csproj", "{B4788993-7148-4D66-9CD8-6BB7DAE2B9BC}"
EndProject
Global
	GlobalSection(SolutionConfigurationPlatforms) = preSolution
		Debug|Any CPU = Debug|Any CPU
		Release|Any CPU = Release|Any CPU
	EndGlobalSection
	GlobalSection(ProjectConfigurationPlatforms) = postSolution
		{67306CA6-7F03-4D04-9F95-0607C4DC2A89}.Debug|Any CPU.ActiveCfg = Debug|Any CPU
		{67306CA6-7F03-4D04-9F95-0607C4DC2A89}.Debug|Any CPU.Build.0 = Debug|Any CPU
		{67306CA6-7F03-4D04-9F95-0607C4DC2A89}.Release|Any CPU.ActiveCfg = Release|Any CPU
		{67306CA6-7F03-4D04-9F95-0607C4DC2A89}.Release|Any CPU.Build.0 = Release|Any CPU
		{9E04EE4C-D5E2-4609-A68F-0510AD1D47CC}.Debug|Any CPU.ActiveCfg = Debug|Any CPU
		{9E04EE4C-D5E2-4609-A68F-0510AD1D47CC}.Debug|Any CPU.Build.0 = Debug|Any CPU
		{9E04EE4C-D5E2-4609-A68F-0510AD1D47CC}.Release|Any CPU.ActiveCfg = Release|Any CPU
		{9E04EE4C-D5E2-4609-A68F-0510AD1D47CC}.Release|Any CPU.Build.0 = Release|Any CPU
		{0D06EE86-A429-4F9B-9000-C04ACD147623}.Debug|Any CPU.ActiveCfg = Debug|Any CPU
		{0D06EE86-A429-4F9B-9000-C04ACD147623}.Debug|Any CPU.Build.0 = Debug|Any CPU
		{0D06EE86-A429-4F9B-9000-C04ACD147623}.Release|Any CPU.ActiveCfg = Release|Any CPU
		{0D06EE86-A429-4F9B-9000-C04ACD147623}.Release|Any CPU.Build.0 = Release|Any CPU
		{D4EE5A96-ACB7-4A02-B412-20CB02022BE2}.Debug|Any CPU.ActiveCfg = Debug|Any CPU
		{D4EE5A96-ACB7-4A02-B412-20CB02022BE2}.Debug|Any CPU.Build.0 = Debug|Any CPU
		{D4EE5A96-ACB7-4A02-B412-20CB02022BE2}.Release|Any CPU.ActiveCfg = Release|Any CPU
		{D4EE5A96-ACB7-4A02-B412-20CB02022BE2}.Release|Any CPU.Build.0 = Release|Any CPU
		{D405D3C5-DE1C-4DB1-B920-2E7CD7F450AF}.Debug|Any CPU.ActiveCfg = Debug|Any CPU
		{D405D3C5-DE1C-4DB1-B920-2E7CD7F450AF}.Debug|Any CPU.Build.0 = Debug|Any CPU
		{D405D3C5-DE1C-4DB1-B920-2E7CD7F450AF}.Release|Any CPU.ActiveCfg = Release|Any CPU
		{D405D3C5-DE1C-4DB1-B920-2E7CD7F450AF}.Release|Any CPU.Build.0 = Release|Any CPU
		{B4788993-7148-4D66-9CD8-6BB7DAE2B9BC}.Debug|Any CPU.ActiveCfg = Debug|Any CPU
		{B4788993-7148-4D66-9CD8-6BB7DAE2B9BC}.Debug|Any CPU.Build.0 = Debug|Any CPU
		{B4788993-7148-4D66-9CD8-6BB7DAE2B9BC}.Release|Any CPU.ActiveCfg = Release|Any CPU
		{B4788993-7148-4D66-9CD8-6BB7DAE2B9BC}.Release|Any CPU.Build.0 = Release|Any CPU
	EndGlobalSection
	GlobalSection(SolutionProperties) = preSolution
		HideSolutionNode = FALSE
	EndGlobalSection
EndGlobal
