
Microsoft Visual Studio Solution File, Format Version 12.00
# Visual Studio 2013
VisualStudioVersion = 12.0.30723.0
MinimumVisualStudioVersion = 10.0.40219.1
Project("{F184B08F-C81C-45F6-A57F-5ABD9991F28F}") = "Data Provider", "..\..\amica\Amica Data Provider\Data Provider.vbproj", "{67306CA6-7F03-4D04-9F95-0607C4DC2A89}"
EndProject
Project("{FAE04EC0-301F-11D3-BF4B-00C04F79EFBC}") = "Amica.vNext.Objects", "..\Amica.vNext.Objects\Amica.vNext.Objects\Amica.vNext.Objects.csproj", "{5489E3A4-1031-4568-8B63-A28C64BF7778}"
EndProject
Project("{FAE04EC0-301F-11D3-BF4B-00C04F79EFBC}") = "Amica.vNext.Compatibility", "Amica.vNext.Compatibility\Amica.vNext.Compatibility.csproj", "{9E04EE4C-D5E2-4609-A68F-0510AD1D47CC}"
EndProject
Project("{FAE04EC0-301F-11D3-BF4B-00C04F79EFBC}") = "Amica.vNext.Compatibility.Tests", "Tests\Amica.vNext.Compatibility.Tests.csproj", "{0D06EE86-A429-4F9B-9000-C04ACD147623}"
EndProject
Project("{FAE04EC0-301F-11D3-BF4B-00C04F79EFBC}") = "Amica.vNext.Http", "..\Amica.vNext.Http\Amica.vNext.Http\Amica.vNext.Http.csproj", "{D0E09787-FEC9-4A6B-92D4-78DB328E749D}"
EndProject
Project("{FAE04EC0-301F-11D3-BF4B-00C04F79EFBC}") = "Playground", "Playground\Playground.csproj", "{D4EE5A96-ACB7-4A02-B412-20CB02022BE2}"
EndProject
Global
	GlobalSection(SolutionConfigurationPlatforms) = preSolution
		Debug|Any CPU = Debug|Any CPU
		Release|Any CPU = Release|Any CPU
	EndGlobalSection
	GlobalSection(ProjectConfigurationPlatforms) = postSolution
		{67306CA6-7F03-4D04-9F95-0607C4DC2A89}.Debug|Any CPU.ActiveCfg = Debug|Any CPU
		{67306CA6-7F03-4D04-9F95-0607C4DC2A89}.Debug|Any CPU.Build.0 = Debug|Any CPU
		{67306CA6-7F03-4D04-9F95-0607C4DC2A89}.Release|Any CPU.ActiveCfg = Release|Any CPU
		{67306CA6-7F03-4D04-9F95-0607C4DC2A89}.Release|Any CPU.Build.0 = Release|Any CPU
		{5489E3A4-1031-4568-8B63-A28C64BF7778}.Debug|Any CPU.ActiveCfg = Debug|Any CPU
		{5489E3A4-1031-4568-8B63-A28C64BF7778}.Debug|Any CPU.Build.0 = Debug|Any CPU
		{5489E3A4-1031-4568-8B63-A28C64BF7778}.Release|Any CPU.ActiveCfg = Release|Any CPU
		{5489E3A4-1031-4568-8B63-A28C64BF7778}.Release|Any CPU.Build.0 = Release|Any CPU
		{9E04EE4C-D5E2-4609-A68F-0510AD1D47CC}.Debug|Any CPU.ActiveCfg = Debug|Any CPU
		{9E04EE4C-D5E2-4609-A68F-0510AD1D47CC}.Debug|Any CPU.Build.0 = Debug|Any CPU
		{9E04EE4C-D5E2-4609-A68F-0510AD1D47CC}.Release|Any CPU.ActiveCfg = Release|Any CPU
		{9E04EE4C-D5E2-4609-A68F-0510AD1D47CC}.Release|Any CPU.Build.0 = Release|Any CPU
		{0D06EE86-A429-4F9B-9000-C04ACD147623}.Debug|Any CPU.ActiveCfg = Debug|Any CPU
		{0D06EE86-A429-4F9B-9000-C04ACD147623}.Debug|Any CPU.Build.0 = Debug|Any CPU
		{0D06EE86-A429-4F9B-9000-C04ACD147623}.Release|Any CPU.ActiveCfg = Release|Any CPU
		{0D06EE86-A429-4F9B-9000-C04ACD147623}.Release|Any CPU.Build.0 = Release|Any CPU
		{D0E09787-FEC9-4A6B-92D4-78DB328E749D}.Debug|Any CPU.ActiveCfg = Debug|Any CPU
		{D0E09787-FEC9-4A6B-92D4-78DB328E749D}.Debug|Any CPU.Build.0 = Debug|Any CPU
		{D0E09787-FEC9-4A6B-92D4-78DB328E749D}.Release|Any CPU.ActiveCfg = Release|Any CPU
		{D0E09787-FEC9-4A6B-92D4-78DB328E749D}.Release|Any CPU.Build.0 = Release|Any CPU
		{D4EE5A96-ACB7-4A02-B412-20CB02022BE2}.Debug|Any CPU.ActiveCfg = Debug|Any CPU
		{D4EE5A96-ACB7-4A02-B412-20CB02022BE2}.Debug|Any CPU.Build.0 = Debug|Any CPU
		{D4EE5A96-ACB7-4A02-B412-20CB02022BE2}.Release|Any CPU.ActiveCfg = Release|Any CPU
		{D4EE5A96-ACB7-4A02-B412-20CB02022BE2}.Release|Any CPU.Build.0 = Release|Any CPU
	EndGlobalSection
	GlobalSection(SolutionProperties) = preSolution
		HideSolutionNode = FALSE
	EndGlobalSection
EndGlobal
