
Microsoft Visual Studio Solution File, Format Version 12.00
# Visual Studio 14
VisualStudioVersion = 14.0.25420.1
MinimumVisualStudioVersion = 10.0.40219.1
Project("{F184B08F-C81C-45F6-A57F-5ABD9991F28F}") = "Data Provider", "..\..\amica\Amica Data Provider\Data Provider.vbproj", "{67306CA6-7F03-4D04-9F95-0607C4DC2A89}"
EndProject
Project("{FAE04EC0-301F-11D3-BF4B-00C04F79EFBC}") = "Playground", "Playground\Playground.csproj", "{D4EE5A96-ACB7-4A02-B412-20CB02022BE2}"
EndProject
Project("{2150E333-8FDC-42A3-9474-1A3956D46DE8}") = "Solution Items", "Solution Items", "{3837BF32-715D-4225-B103-349EE6CD0397}"
EndProject
Project("{FAE04EC0-301F-11D3-BF4B-00C04F79EFBC}") = "Compatibility", "Compatibility\Compatibility.csproj", "{9E04EE4C-D5E2-4609-A68F-0510AD1D47CC}"
EndProject
Project("{FAE04EC0-301F-11D3-BF4B-00C04F79EFBC}") = "Compatibility.Tests", "Compatibility.Tests\Compatibility.Tests.csproj", "{0D06EE86-A429-4F9B-9000-C04ACD147623}"
EndProject
Project("{D954291E-2A0B-460D-934E-DC6B0785DB48}") = "Storage.Core", "..\Storage\Storage.Core\Storage.Core.shproj", "{005B8B07-FFFD-4857-9E4A-BC3DFF9796AE}"
EndProject
Project("{FAE04EC0-301F-11D3-BF4B-00C04F79EFBC}") = "Storage.Remote", "..\Storage\Storage.Remote\Storage.Remote\Storage.Remote.csproj", "{19B24CCD-42E3-4EC6-BFBA-409D52FDE68B}"
EndProject
Project("{FAE04EC0-301F-11D3-BF4B-00C04F79EFBC}") = "Discovery", "..\Discovery\Discovery\Discovery.csproj", "{F2E61202-0FE9-4521-9216-1BBE1A856B20}"
EndProject
Project("{FAE04EC0-301F-11D3-BF4B-00C04F79EFBC}") = "Eve", "..\..\Eve.NET\Eve\Eve.csproj", "{DD88D007-AD10-470D-9C89-AA8EE39857D0}"
EndProject
Project("{FAE04EC0-301F-11D3-BF4B-00C04F79EFBC}") = "Models", "..\Models\Models\Models.csproj", "{5A48FA69-73DE-47FD-A391-289F6F76C434}"
EndProject
Project("{FAE04EC0-301F-11D3-BF4B-00C04F79EFBC}") = "Sentinel", "..\Sentinel\Sentinel\Sentinel.csproj", "{C587A81C-22F9-4804-A529-424BC522AA88}"
EndProject
Global
	GlobalSection(SharedMSBuildProjectFiles) = preSolution
		..\Storage\Storage.Core\Storage.Core.projitems*{005b8b07-fffd-4857-9e4a-bc3dff9796ae}*SharedItemsImports = 13
		..\Storage\Storage.Core\Storage.Core.projitems*{19b24ccd-42e3-4ec6-bfba-409d52fde68b}*SharedItemsImports = 4
	EndGlobalSection
	GlobalSection(SolutionConfigurationPlatforms) = preSolution
		Debug|Any CPU = Debug|Any CPU
		Release|Any CPU = Release|Any CPU
	EndGlobalSection
	GlobalSection(ProjectConfigurationPlatforms) = postSolution
		{67306CA6-7F03-4D04-9F95-0607C4DC2A89}.Debug|Any CPU.ActiveCfg = Debug|Any CPU
		{67306CA6-7F03-4D04-9F95-0607C4DC2A89}.Debug|Any CPU.Build.0 = Debug|Any CPU
		{67306CA6-7F03-4D04-9F95-0607C4DC2A89}.Release|Any CPU.ActiveCfg = Release|Any CPU
		{67306CA6-7F03-4D04-9F95-0607C4DC2A89}.Release|Any CPU.Build.0 = Release|Any CPU
		{D4EE5A96-ACB7-4A02-B412-20CB02022BE2}.Debug|Any CPU.ActiveCfg = Debug|Any CPU
		{D4EE5A96-ACB7-4A02-B412-20CB02022BE2}.Debug|Any CPU.Build.0 = Debug|Any CPU
		{D4EE5A96-ACB7-4A02-B412-20CB02022BE2}.Release|Any CPU.ActiveCfg = Release|Any CPU
		{D4EE5A96-ACB7-4A02-B412-20CB02022BE2}.Release|Any CPU.Build.0 = Release|Any CPU
		{9E04EE4C-D5E2-4609-A68F-0510AD1D47CC}.Debug|Any CPU.ActiveCfg = Debug|Any CPU
		{9E04EE4C-D5E2-4609-A68F-0510AD1D47CC}.Debug|Any CPU.Build.0 = Debug|Any CPU
		{9E04EE4C-D5E2-4609-A68F-0510AD1D47CC}.Release|Any CPU.ActiveCfg = Release|Any CPU
		{9E04EE4C-D5E2-4609-A68F-0510AD1D47CC}.Release|Any CPU.Build.0 = Release|Any CPU
		{0D06EE86-A429-4F9B-9000-C04ACD147623}.Debug|Any CPU.ActiveCfg = Debug|Any CPU
		{0D06EE86-A429-4F9B-9000-C04ACD147623}.Debug|Any CPU.Build.0 = Debug|Any CPU
		{0D06EE86-A429-4F9B-9000-C04ACD147623}.Release|Any CPU.ActiveCfg = Release|Any CPU
		{0D06EE86-A429-4F9B-9000-C04ACD147623}.Release|Any CPU.Build.0 = Release|Any CPU
		{19B24CCD-42E3-4EC6-BFBA-409D52FDE68B}.Debug|Any CPU.ActiveCfg = Debug|Any CPU
		{19B24CCD-42E3-4EC6-BFBA-409D52FDE68B}.Debug|Any CPU.Build.0 = Debug|Any CPU
		{19B24CCD-42E3-4EC6-BFBA-409D52FDE68B}.Release|Any CPU.ActiveCfg = Release|Any CPU
		{19B24CCD-42E3-4EC6-BFBA-409D52FDE68B}.Release|Any CPU.Build.0 = Release|Any CPU
		{F2E61202-0FE9-4521-9216-1BBE1A856B20}.Debug|Any CPU.ActiveCfg = Debug|Any CPU
		{F2E61202-0FE9-4521-9216-1BBE1A856B20}.Debug|Any CPU.Build.0 = Debug|Any CPU
		{F2E61202-0FE9-4521-9216-1BBE1A856B20}.Release|Any CPU.ActiveCfg = Release|Any CPU
		{F2E61202-0FE9-4521-9216-1BBE1A856B20}.Release|Any CPU.Build.0 = Release|Any CPU
		{DD88D007-AD10-470D-9C89-AA8EE39857D0}.Debug|Any CPU.ActiveCfg = Debug|Any CPU
		{DD88D007-AD10-470D-9C89-AA8EE39857D0}.Debug|Any CPU.Build.0 = Debug|Any CPU
		{DD88D007-AD10-470D-9C89-AA8EE39857D0}.Release|Any CPU.ActiveCfg = Release|Any CPU
		{DD88D007-AD10-470D-9C89-AA8EE39857D0}.Release|Any CPU.Build.0 = Release|Any CPU
		{5A48FA69-73DE-47FD-A391-289F6F76C434}.Debug|Any CPU.ActiveCfg = Debug|Any CPU
		{5A48FA69-73DE-47FD-A391-289F6F76C434}.Debug|Any CPU.Build.0 = Debug|Any CPU
		{5A48FA69-73DE-47FD-A391-289F6F76C434}.Release|Any CPU.ActiveCfg = Release|Any CPU
		{5A48FA69-73DE-47FD-A391-289F6F76C434}.Release|Any CPU.Build.0 = Release|Any CPU
		{C587A81C-22F9-4804-A529-424BC522AA88}.Debug|Any CPU.ActiveCfg = Debug|Any CPU
		{C587A81C-22F9-4804-A529-424BC522AA88}.Debug|Any CPU.Build.0 = Debug|Any CPU
		{C587A81C-22F9-4804-A529-424BC522AA88}.Release|Any CPU.ActiveCfg = Release|Any CPU
		{C587A81C-22F9-4804-A529-424BC522AA88}.Release|Any CPU.Build.0 = Release|Any CPU
	EndGlobalSection
	GlobalSection(SolutionProperties) = preSolution
		HideSolutionNode = FALSE
	EndGlobalSection
EndGlobal
